
Microsoft Visual Studio Solution File, Format Version 12.00
# Visual Studio 2013
VisualStudioVersion = 12.0.21005.1
MinimumVisualStudioVersion = 10.0.40219.1
Project("{FAE04EC0-301F-11D3-BF4B-00C04F79EFBC}") = "TapPlugin.ResultListener.STDF", "TapPlugin.ResultListener.STDF\TapPlugin.ResultListener.STDF.csproj", "{C24DBC8F-5E5A-4C80-BFA6-A044AE0D767C}"
EndProject
Project("{FAE04EC0-301F-11D3-BF4B-00C04F79EFBC}") = "LinqToStdf", "LinqToStdf\LinqToStdf.csproj", "{E251DABB-78AF-4451-93EF-B8C3420BEBC5}"
EndProject
Project("{FAE04EC0-301F-11D3-BF4B-00C04F79EFBC}") = "StdfViewer", "StdfViewer\StdfViewer.csproj", "{476CFCFC-248A-41C2-BB2F-854AF28DC7BC}"
	ProjectSection(ProjectDependencies) = postProject
		{E251DABB-78AF-4451-93EF-B8C3420BEBC5} = {E251DABB-78AF-4451-93EF-B8C3420BEBC5}
	EndProjectSection
EndProject
Global
	GlobalSection(SolutionConfigurationPlatforms) = preSolution
		Debug|Any CPU = Debug|Any CPU
		Release|Any CPU = Release|Any CPU
	EndGlobalSection
	GlobalSection(ProjectConfigurationPlatforms) = postSolution
		{C24DBC8F-5E5A-4C80-BFA6-A044AE0D767C}.Debug|Any CPU.ActiveCfg = Debug|Any CPU
		{C24DBC8F-5E5A-4C80-BFA6-A044AE0D767C}.Debug|Any CPU.Build.0 = Debug|Any CPU
		{C24DBC8F-5E5A-4C80-BFA6-A044AE0D767C}.Release|Any CPU.ActiveCfg = Release|Any CPU
		{C24DBC8F-5E5A-4C80-BFA6-A044AE0D767C}.Release|Any CPU.Build.0 = Release|Any CPU
		{E251DABB-78AF-4451-93EF-B8C3420BEBC5}.Debug|Any CPU.ActiveCfg = Debug|Any CPU
		{E251DABB-78AF-4451-93EF-B8C3420BEBC5}.Debug|Any CPU.Build.0 = Debug|Any CPU
		{E251DABB-78AF-4451-93EF-B8C3420BEBC5}.Release|Any CPU.ActiveCfg = Release|Any CPU
		{E251DABB-78AF-4451-93EF-B8C3420BEBC5}.Release|Any CPU.Build.0 = Release|Any CPU
		{476CFCFC-248A-41C2-BB2F-854AF28DC7BC}.Debug|Any CPU.ActiveCfg = Debug|Any CPU
		{476CFCFC-248A-41C2-BB2F-854AF28DC7BC}.Debug|Any CPU.Build.0 = Debug|Any CPU
		{476CFCFC-248A-41C2-BB2F-854AF28DC7BC}.Release|Any CPU.ActiveCfg = Release|Any CPU
		{476CFCFC-248A-41C2-BB2F-854AF28DC7BC}.Release|Any CPU.Build.0 = Release|Any CPU
	EndGlobalSection
	GlobalSection(SolutionProperties) = preSolution
		HideSolutionNode = FALSE
	EndGlobalSection
EndGlobal
